
Microsoft Visual Studio Solution File, Format Version 12.00
# Visual Studio 15
VisualStudioVersion = 15.0.28307.779
MinimumVisualStudioVersion = 10.0.40219.1
Project("{FAE04EC0-301F-11D3-BF4B-00C04F79EFBC}") = "SQLDbClonerBeliefTechno", "SQLDbClonerBeliefTechno\SQLDbClonerBeliefTechno.csproj", "{2A4238EC-DC4C-4BC1-9161-8C1C5EC147F2}"
EndProject
Global
	GlobalSection(SolutionConfigurationPlatforms) = preSolution
		Debug|Any CPU = Debug|Any CPU
		Release|Any CPU = Release|Any CPU
	EndGlobalSection
	GlobalSection(ProjectConfigurationPlatforms) = postSolution
		{2A4238EC-DC4C-4BC1-9161-8C1C5EC147F2}.Debug|Any CPU.ActiveCfg = Debug|Any CPU
		{2A4238EC-DC4C-4BC1-9161-8C1C5EC147F2}.Debug|Any CPU.Build.0 = Debug|Any CPU
		{2A4238EC-DC4C-4BC1-9161-8C1C5EC147F2}.Release|Any CPU.ActiveCfg = Release|Any CPU
		{2A4238EC-DC4C-4BC1-9161-8C1C5EC147F2}.Release|Any CPU.Build.0 = Release|Any CPU
	EndGlobalSection
	GlobalSection(SolutionProperties) = preSolution
		HideSolutionNode = FALSE
	EndGlobalSection
	GlobalSection(ExtensibilityGlobals) = postSolution
		SolutionGuid = {EA3240C1-5C76-442F-9352-3D0F347C8525}
	EndGlobalSection
EndGlobal
